{
  "name": "openspec-badge-action",
  "lockfileVersion": 3,
  "requires": true,
  "packages": {
    "": {
      "dependencies": {
        "badgen": "^3.2.3"
      }
    },
    "node_modules/badgen": {
      "version": "3.2.3",
      "resolved": "https://registry.npmjs.org/badgen/-/badgen-3.2.3.tgz",
      "integrity": "sha512-svDuwkc63E/z0ky3drpUppB83s/nlgDciH9m+STwwQoWyq7yCgew1qEfJ+9axkKdNq7MskByptWUN9j1PGMwFA==",
      "license": "MIT"
    }
  }
}
